
Microsoft Visual Studio Solution File, Format Version 12.00
# Visual Studio Version 17
VisualStudioVersion = 17.14.36109.1
MinimumVisualStudioVersion = 10.0.40219.1
Project("{FAE04EC0-301F-11D3-BF4B-00C04F79EFBC}") = "CodeSandbox.SDK.Net", "CodeSandbox.SDK.Net\CodeSandbox.SDK.Net.csproj", "{90E9C072-DE0D-4752-8EC6-FF01BD91A4EE}"
EndProject
Project("{FAE04EC0-301F-11D3-BF4B-00C04F79EFBC}") = "CodeSandbox.SDK.Net.Example", "CodeSandbox.SDK.Net.Example\CodeSandbox.SDK.Net.Example.csproj", "{185537BA-CB00-4EA5-A435-DDE4FD686046}"
EndProject
Global
	GlobalSection(SolutionConfigurationPlatforms) = preSolution
		Debug|Any CPU = Debug|Any CPU
		Release|Any CPU = Release|Any CPU
	EndGlobalSection
	GlobalSection(ProjectConfigurationPlatforms) = postSolution
		{90E9C072-DE0D-4752-8EC6-FF01BD91A4EE}.Debug|Any CPU.ActiveCfg = Debug|Any CPU
		{90E9C072-DE0D-4752-8EC6-FF01BD91A4EE}.Debug|Any CPU.Build.0 = Debug|Any CPU
		{90E9C072-DE0D-4752-8EC6-FF01BD91A4EE}.Release|Any CPU.ActiveCfg = Release|Any CPU
		{90E9C072-DE0D-4752-8EC6-FF01BD91A4EE}.Release|Any CPU.Build.0 = Release|Any CPU
		{185537BA-CB00-4EA5-A435-DDE4FD686046}.Debug|Any CPU.ActiveCfg = Debug|Any CPU
		{185537BA-CB00-4EA5-A435-DDE4FD686046}.Debug|Any CPU.Build.0 = Debug|Any CPU
		{185537BA-CB00-4EA5-A435-DDE4FD686046}.Release|Any CPU.ActiveCfg = Release|Any CPU
		{185537BA-CB00-4EA5-A435-DDE4FD686046}.Release|Any CPU.Build.0 = Release|Any CPU
	EndGlobalSection
	GlobalSection(SolutionProperties) = preSolution
		HideSolutionNode = FALSE
	EndGlobalSection
	GlobalSection(ExtensibilityGlobals) = postSolution
		SolutionGuid = {0AA83248-D973-41D1-A46E-61D9B0D08ABD}
	EndGlobalSection
EndGlobal
